
Microsoft Visual Studio Solution File, Format Version 12.00
# Visual Studio Version 17
VisualStudioVersion = 17.13.35931.197 d17.13
MinimumVisualStudioVersion = 10.0.40219.1
Project("{FAE04EC0-301F-11D3-BF4B-00C04F79EFBC}") = "01_MainSubject", "01_MainSubject\01_MainSubject.csproj", "{14BED1D7-4A74-4EC9-A489-C81EDF4FC3BF}"
EndProject
Project("{FAE04EC0-301F-11D3-BF4B-00C04F79EFBC}") = "02_variables", "02_variables\02_variables.csproj", "{956B3B93-1E32-483A-BB76-506257524F2E}"
EndProject
Global
	GlobalSection(SolutionConfigurationPlatforms) = preSolution
		Debug|Any CPU = Debug|Any CPU
		Release|Any CPU = Release|Any CPU
	EndGlobalSection
	GlobalSection(ProjectConfigurationPlatforms) = postSolution
		{14BED1D7-4A74-4EC9-A489-C81EDF4FC3BF}.Debug|Any CPU.ActiveCfg = Debug|Any CPU
		{14BED1D7-4A74-4EC9-A489-C81EDF4FC3BF}.Debug|Any CPU.Build.0 = Debug|Any CPU
		{14BED1D7-4A74-4EC9-A489-C81EDF4FC3BF}.Release|Any CPU.ActiveCfg = Release|Any CPU
		{14BED1D7-4A74-4EC9-A489-C81EDF4FC3BF}.Release|Any CPU.Build.0 = Release|Any CPU
		{956B3B93-1E32-483A-BB76-506257524F2E}.Debug|Any CPU.ActiveCfg = Debug|Any CPU
		{956B3B93-1E32-483A-BB76-506257524F2E}.Debug|Any CPU.Build.0 = Debug|Any CPU
		{956B3B93-1E32-483A-BB76-506257524F2E}.Release|Any CPU.ActiveCfg = Release|Any CPU
		{956B3B93-1E32-483A-BB76-506257524F2E}.Release|Any CPU.Build.0 = Release|Any CPU
	EndGlobalSection
	GlobalSection(SolutionProperties) = preSolution
		HideSolutionNode = FALSE
	EndGlobalSection
	GlobalSection(ExtensibilityGlobals) = postSolution
		SolutionGuid = {DB581359-79E3-4351-BD86-FD97A2C61FF8}
	EndGlobalSection
EndGlobal
